<?xml version="1.0" encoding="utf-8"?>
<Project ToolsVersion="4.0" xmlns="http://schemas.microsoft.com/developer/msbuild/2003">
  <ItemGroup>
    <Filter Include="Fichiers sources">
      <UniqueIdentifier>{4FC737F1-C7A5-4376-A066-2A32D752A2FF}</UniqueIdentifier>
      <Extensions>cpp;c;cc;cxx;c++;cppm;ixx;def;odl;idl;hpj;bat;asm;asmx</Extensions>
    </Filter>
    <Filter Include="Fichiers d%27en-tête">
      <UniqueIdentifier>{93995380-89BD-4b04-88EB-625FBE52EBFB}</UniqueIdentifier>
      <Extensions>h;hh;hpp;hxx;h++;hm;inl;inc;ipp;xsd</Extensions>
    </Filter>
    <Filter Include="Fichiers de ressources">
      <UniqueIdentifier>{67DA6AB6-F800-4c08-8B7A-83BB121AAD01}</UniqueIdentifier>
      <Extensions>rc;ico;cur;bmp;dlg;rc2;rct;bin;rgs;gif;jpg;jpeg;jpe;resx;tiff;tif;png;wav;mfcribbon-ms</Extensions>
    </Filter>
  </ItemGroup>
  <ItemGroup>
    <ClCompile Include="Main.cpp">
      <Filter>Fichiers sources</Filter>
    </ClCompile>
    <ClCompile Include="Map.cpp">
      <Filter>Fichiers sources</Filter>
    </ClCompile>
    <ClCompile Include="Tile.cpp">
      <Filter>Fichiers sources</Filter>
    </ClCompile>
    <ClCompile Include="Player.cpp">
      <Filter>Fichiers sources</Filter>
    </ClCompile>
    <ClCompile Include="Entity.cpp">
      <Filter>Fichiers sources</Filter>
    </ClCompile>
    <ClCompile Include="TextureManager.cpp">
      <Filter>Fichiers sources</Filter>
    </ClCompile>
    <ClCompile Include="Monster.cpp">
      <Filter>Fichiers sources</Filter>
    </ClCompile>
    <ClCompile Include="Item.cpp">
      <Filter>Fichiers sources</Filter>
    </ClCompile>
    <ClCompile Include="Horse.cpp">
      <Filter>Fichiers sources</Filter>
    </ClCompile>
    <ClCompile Include="GameManager.cpp">
      <Filter>Fichiers sources</Filter>
    </ClCompile>
    <ClCompile Include="UI.cpp">
      <Filter>Fichiers sources</Filter>
    </ClCompile>
    <ClCompile Include="Heart.cpp">
      <Filter>Fichiers sources</Filter>
    </ClCompile>
    <ClCompile Include="AudioManager.cpp">
      <Filter>Fichiers sources</Filter>
    </ClCompile>
  </ItemGroup>
  <ItemGroup>
    <Image Include="Assets\cave.png">
      <Filter>Fichiers de ressources</Filter>
    </Image>
    <Image Include="Assets\objects.png">
      <Filter>Fichiers de ressources</Filter>
    </Image>
    <Image Include="Assets\Overworld.png">
      <Filter>Fichiers de ressources</Filter>
    </Image>
    <Image Include="Assets\character.png">
      <Filter>Fichiers de ressources</Filter>
    </Image>
    <Image Include="Assets\font.png">
      <Filter>Fichiers de ressources</Filter>
    </Image>
    <Image Include="Assets\Inner.png">
      <Filter>Fichiers de ressources</Filter>
    </Image>
    <Image Include="Assets\log.png">
      <Filter>Fichiers de ressources</Filter>
    </Image>
    <Image Include="Assets\NPC_test.png">
      <Filter>Fichiers de ressources</Filter>
    </Image>
    <Image Include="Assets\lifebar.png">
      <Filter>Fichiers de ressources</Filter>
    </Image>
    <Image Include="Assets\Horse.png">
      <Filter>Fichiers de ressources</Filter>
    </Image>
    <Image Include="Assets\OverworldAll.png">
      <Filter>Fichiers de ressources</Filter>
    </Image>
  </ItemGroup>
  <ItemGroup>
    <ClInclude Include="Map.h">
      <Filter>Fichiers d%27en-tête</Filter>
    </ClInclude>
    <ClInclude Include="Tile.h">
      <Filter>Fichiers d%27en-tête</Filter>
    </ClInclude>
    <ClInclude Include="Player.h">
      <Filter>Fichiers d%27en-tête</Filter>
    </ClInclude>
    <ClInclude Include="Entity.h">
      <Filter>Fichiers d%27en-tête</Filter>
    </ClInclude>
    <ClInclude Include="TextureManager.h">
      <Filter>Fichiers d%27en-tête</Filter>
    </ClInclude>
    <ClInclude Include="Monster.h">
      <Filter>Fichiers d%27en-tête</Filter>
    </ClInclude>
    <ClInclude Include="Item.h">
      <Filter>Fichiers d%27en-tête</Filter>
    </ClInclude>
    <ClInclude Include="Horse.h">
      <Filter>Fichiers d%27en-tête</Filter>
    </ClInclude>
    <ClInclude Include="GameManager.h">
      <Filter>Fichiers d%27en-tête</Filter>
    </ClInclude>
    <ClInclude Include="UI.h">
      <Filter>Fichiers d%27en-tête</Filter>
    </ClInclude>
    <ClInclude Include="Heart.h">
      <Filter>Fichiers d%27en-tête</Filter>
    </ClInclude>
    <ClInclude Include="AudioManager.h">
      <Filter>Fichiers d%27en-tête</Filter>
    </ClInclude>
    <ClInclude Include="dependencies\SFML\include\SFML\Audio\AlResource.hpp">
      <Filter>Fichiers d%27en-tête</Filter>
    </ClInclude>
    <ClInclude Include="dependencies\SFML\include\SFML\Audio\Export.hpp">
      <Filter>Fichiers d%27en-tête</Filter>
    </ClInclude>
    <ClInclude Include="dependencies\SFML\include\SFML\Audio\InputSoundFile.hpp">
      <Filter>Fichiers d%27en-tête</Filter>
    </ClInclude>
    <ClInclude Include="dependencies\SFML\include\SFML\Audio\Listener.hpp">
      <Filter>Fichiers d%27en-tête</Filter>
    </ClInclude>
    <ClInclude Include="dependencies\SFML\include\SFML\Audio\Music.hpp">
      <Filter>Fichiers d%27en-tête</Filter>
    </ClInclude>
    <ClInclude Include="dependencies\SFML\include\SFML\Audio\OutputSoundFile.hpp">
      <Filter>Fichiers d%27en-tête</Filter>
    </ClInclude>
    <ClInclude Include="dependencies\SFML\include\SFML\Audio\Sound.hpp">
      <Filter>Fichiers d%27en-tête</Filter>
    </ClInclude>
    <ClInclude Include="dependencies\SFML\include\SFML\Audio\SoundBuffer.hpp">
      <Filter>Fichiers d%27en-tête</Filter>
    </ClInclude>
    <ClInclude Include="dependencies\SFML\include\SFML\Audio\SoundBufferRecorder.hpp">
      <Filter>Fichiers d%27en-tête</Filter>
    </ClInclude>
    <ClInclude Include="dependencies\SFML\include\SFML\Audio\SoundFileFactory.hpp">
      <Filter>Fichiers d%27en-tête</Filter>
    </ClInclude>
    <ClInclude Include="dependencies\SFML\include\SFML\Audio\SoundFileReader.hpp">
      <Filter>Fichiers d%27en-tête</Filter>
    </ClInclude>
    <ClInclude Include="dependencies\SFML\include\SFML\Audio\SoundFileWriter.hpp">
      <Filter>Fichiers d%27en-tête</Filter>
    </ClInclude>
    <ClInclude Include="dependencies\SFML\include\SFML\Audio\SoundRecorder.hpp">
      <Filter>Fichiers d%27en-tête</Filter>
    </ClInclude>
    <ClInclude Include="dependencies\SFML\include\SFML\Audio\SoundSource.hpp">
      <Filter>Fichiers d%27en-tête</Filter>
    </ClInclude>
    <ClInclude Include="dependencies\SFML\include\SFML\Audio\SoundStream.hpp">
      <Filter>Fichiers d%27en-tête</Filter>
    </ClInclude>
    <ClInclude Include="dependencies\SFML\include\SFML\Graphics\BlendMode.hpp">
      <Filter>Fichiers d%27en-tête</Filter>
    </ClInclude>
    <ClInclude Include="dependencies\SFML\include\SFML\Graphics\CircleShape.hpp">
      <Filter>Fichiers d%27en-tête</Filter>
    </ClInclude>
    <ClInclude Include="dependencies\SFML\include\SFML\Graphics\Color.hpp">
      <Filter>Fichiers d%27en-tête</Filter>
    </ClInclude>
    <ClInclude Include="dependencies\SFML\include\SFML\Graphics\ConvexShape.hpp">
      <Filter>Fichiers d%27en-tête</Filter>
    </ClInclude>
    <ClInclude Include="dependencies\SFML\include\SFML\Graphics\Drawable.hpp">
      <Filter>Fichiers d%27en-tête</Filter>
    </ClInclude>
    <ClInclude Include="dependencies\SFML\include\SFML\Graphics\Export.hpp">
      <Filter>Fichiers d%27en-tête</Filter>
    </ClInclude>
    <ClInclude Include="dependencies\SFML\include\SFML\Graphics\Font.hpp">
      <Filter>Fichiers d%27en-tête</Filter>
    </ClInclude>
    <ClInclude Include="dependencies\SFML\include\SFML\Graphics\Glsl.hpp">
      <Filter>Fichiers d%27en-tête</Filter>
    </ClInclude>
    <ClInclude Include="dependencies\SFML\include\SFML\Graphics\Glyph.hpp">
      <Filter>Fichiers d%27en-tête</Filter>
    </ClInclude>
    <ClInclude Include="dependencies\SFML\include\SFML\Graphics\Image.hpp">
      <Filter>Fichiers d%27en-tête</Filter>
    </ClInclude>
    <ClInclude Include="dependencies\SFML\include\SFML\Graphics\PrimitiveType.hpp">
      <Filter>Fichiers d%27en-tête</Filter>
    </ClInclude>
    <ClInclude Include="dependencies\SFML\include\SFML\Graphics\Rect.hpp">
      <Filter>Fichiers d%27en-tête</Filter>
    </ClInclude>
    <ClInclude Include="dependencies\SFML\include\SFML\Graphics\RectangleShape.hpp">
      <Filter>Fichiers d%27en-tête</Filter>
    </ClInclude>
    <ClInclude Include="dependencies\SFML\include\SFML\Graphics\RenderStates.hpp">
      <Filter>Fichiers d%27en-tête</Filter>
    </ClInclude>
    <ClInclude Include="dependencies\SFML\include\SFML\Graphics\RenderTarget.hpp">
      <Filter>Fichiers d%27en-tête</Filter>
    </ClInclude>
    <ClInclude Include="dependencies\SFML\include\SFML\Graphics\RenderTexture.hpp">
      <Filter>Fichiers d%27en-tête</Filter>
    </ClInclude>
    <ClInclude Include="dependencies\SFML\include\SFML\Graphics\RenderWindow.hpp">
      <Filter>Fichiers d%27en-tête</Filter>
    </ClInclude>
    <ClInclude Include="dependencies\SFML\include\SFML\Graphics\Shader.hpp">
      <Filter>Fichiers d%27en-tête</Filter>
    </ClInclude>
    <ClInclude Include="dependencies\SFML\include\SFML\Graphics\Shape.hpp">
      <Filter>Fichiers d%27en-tête</Filter>
    </ClInclude>
    <ClInclude Include="dependencies\SFML\include\SFML\Graphics\Sprite.hpp">
      <Filter>Fichiers d%27en-tête</Filter>
    </ClInclude>
    <ClInclude Include="dependencies\SFML\include\SFML\Graphics\Text.hpp">
      <Filter>Fichiers d%27en-tête</Filter>
    </ClInclude>
    <ClInclude Include="dependencies\SFML\include\SFML\Graphics\Texture.hpp">
      <Filter>Fichiers d%27en-tête</Filter>
    </ClInclude>
    <ClInclude Include="dependencies\SFML\include\SFML\Graphics\Transform.hpp">
      <Filter>Fichiers d%27en-tête</Filter>
    </ClInclude>
    <ClInclude Include="dependencies\SFML\include\SFML\Graphics\Transformable.hpp">
      <Filter>Fichiers d%27en-tête</Filter>
    </ClInclude>
    <ClInclude Include="dependencies\SFML\include\SFML\Graphics\Vertex.hpp">
      <Filter>Fichiers d%27en-tête</Filter>
    </ClInclude>
    <ClInclude Include="dependencies\SFML\include\SFML\Graphics\VertexArray.hpp">
      <Filter>Fichiers d%27en-tête</Filter>
    </ClInclude>
    <ClInclude Include="dependencies\SFML\include\SFML\Graphics\VertexBuffer.hpp">
      <Filter>Fichiers d%27en-tête</Filter>
    </ClInclude>
    <ClInclude Include="dependencies\SFML\include\SFML\Graphics\View.hpp">
      <Filter>Fichiers d%27en-tête</Filter>
    </ClInclude>
    <ClInclude Include="dependencies\SFML\include\SFML\Network\Export.hpp">
      <Filter>Fichiers d%27en-tête</Filter>
    </ClInclude>
    <ClInclude Include="dependencies\SFML\include\SFML\Network\Ftp.hpp">
      <Filter>Fichiers d%27en-tête</Filter>
    </ClInclude>
    <ClInclude Include="dependencies\SFML\include\SFML\Network\Http.hpp">
      <Filter>Fichiers d%27en-tête</Filter>
    </ClInclude>
    <ClInclude Include="dependencies\SFML\include\SFML\Network\IpAddress.hpp">
      <Filter>Fichiers d%27en-tête</Filter>
    </ClInclude>
    <ClInclude Include="dependencies\SFML\include\SFML\Network\Packet.hpp">
      <Filter>Fichiers d%27en-tête</Filter>
    </ClInclude>
    <ClInclude Include="dependencies\SFML\include\SFML\Network\Socket.hpp">
      <Filter>Fichiers d%27en-tête</Filter>
    </ClInclude>
    <ClInclude Include="dependencies\SFML\include\SFML\Network\SocketHandle.hpp">
      <Filter>Fichiers d%27en-tête</Filter>
    </ClInclude>
    <ClInclude Include="dependencies\SFML\include\SFML\Network\SocketSelector.hpp">
      <Filter>Fichiers d%27en-tête</Filter>
    </ClInclude>
    <ClInclude Include="dependencies\SFML\include\SFML\Network\TcpListener.hpp">
      <Filter>Fichiers d%27en-tête</Filter>
    </ClInclude>
    <ClInclude Include="dependencies\SFML\include\SFML\Network\TcpSocket.hpp">
      <Filter>Fichiers d%27en-tête</Filter>
    </ClInclude>
    <ClInclude Include="dependencies\SFML\include\SFML\Network\UdpSocket.hpp">
      <Filter>Fichiers d%27en-tête</Filter>
    </ClInclude>
    <ClInclude Include="dependencies\SFML\include\SFML\System\Clock.hpp">
      <Filter>Fichiers d%27en-tête</Filter>
    </ClInclude>
    <ClInclude Include="dependencies\SFML\include\SFML\System\Err.hpp">
      <Filter>Fichiers d%27en-tête</Filter>
    </ClInclude>
    <ClInclude Include="dependencies\SFML\include\SFML\System\Export.hpp">
      <Filter>Fichiers d%27en-tête</Filter>
    </ClInclude>
    <ClInclude Include="dependencies\SFML\include\SFML\System\FileInputStream.hpp">
      <Filter>Fichiers d%27en-tête</Filter>
    </ClInclude>
    <ClInclude Include="dependencies\SFML\include\SFML\System\InputStream.hpp">
      <Filter>Fichiers d%27en-tête</Filter>
    </ClInclude>
    <ClInclude Include="dependencies\SFML\include\SFML\System\Lock.hpp">
      <Filter>Fichiers d%27en-tête</Filter>
    </ClInclude>
    <ClInclude Include="dependencies\SFML\include\SFML\System\MemoryInputStream.hpp">
      <Filter>Fichiers d%27en-tête</Filter>
    </ClInclude>
    <ClInclude Include="dependencies\SFML\include\SFML\System\Mutex.hpp">
      <Filter>Fichiers d%27en-tête</Filter>
    </ClInclude>
    <ClInclude Include="dependencies\SFML\include\SFML\System\NativeActivity.hpp">
      <Filter>Fichiers d%27en-tête</Filter>
    </ClInclude>
    <ClInclude Include="dependencies\SFML\include\SFML\System\NonCopyable.hpp">
      <Filter>Fichiers d%27en-tête</Filter>
    </ClInclude>
    <ClInclude Include="dependencies\SFML\include\SFML\System\Sleep.hpp">
      <Filter>Fichiers d%27en-tête</Filter>
    </ClInclude>
    <ClInclude Include="dependencies\SFML\include\SFML\System\String.hpp">
      <Filter>Fichiers d%27en-tête</Filter>
    </ClInclude>
    <ClInclude Include="dependencies\SFML\include\SFML\System\Thread.hpp">
      <Filter>Fichiers d%27en-tête</Filter>
    </ClInclude>
    <ClInclude Include="dependencies\SFML\include\SFML\System\ThreadLocal.hpp">
      <Filter>Fichiers d%27en-tête</Filter>
    </ClInclude>
    <ClInclude Include="dependencies\SFML\include\SFML\System\ThreadLocalPtr.hpp">
      <Filter>Fichiers d%27en-tête</Filter>
    </ClInclude>
    <ClInclude Include="dependencies\SFML\include\SFML\System\Time.hpp">
      <Filter>Fichiers d%27en-tête</Filter>
    </ClInclude>
    <ClInclude Include="dependencies\SFML\include\SFML\System\Utf.hpp">
      <Filter>Fichiers d%27en-tête</Filter>
    </ClInclude>
    <ClInclude Include="dependencies\SFML\include\SFML\System\Vector2.hpp">
      <Filter>Fichiers d%27en-tête</Filter>
    </ClInclude>
    <ClInclude Include="dependencies\SFML\include\SFML\System\Vector3.hpp">
      <Filter>Fichiers d%27en-tête</Filter>
    </ClInclude>
    <ClInclude Include="dependencies\SFML\include\SFML\Window\Clipboard.hpp">
      <Filter>Fichiers d%27en-tête</Filter>
    </ClInclude>
    <ClInclude Include="dependencies\SFML\include\SFML\Window\Context.hpp">
      <Filter>Fichiers d%27en-tête</Filter>
    </ClInclude>
    <ClInclude Include="dependencies\SFML\include\SFML\Window\ContextSettings.hpp">
      <Filter>Fichiers d%27en-tête</Filter>
    </ClInclude>
    <ClInclude Include="dependencies\SFML\include\SFML\Window\Cursor.hpp">
      <Filter>Fichiers d%27en-tête</Filter>
    </ClInclude>
    <ClInclude Include="dependencies\SFML\include\SFML\Window\Event.hpp">
      <Filter>Fichiers d%27en-tête</Filter>
    </ClInclude>
    <ClInclude Include="dependencies\SFML\include\SFML\Window\Export.hpp">
      <Filter>Fichiers d%27en-tête</Filter>
    </ClInclude>
    <ClInclude Include="dependencies\SFML\include\SFML\Window\GlResource.hpp">
      <Filter>Fichiers d%27en-tête</Filter>
    </ClInclude>
    <ClInclude Include="dependencies\SFML\include\SFML\Window\Joystick.hpp">
      <Filter>Fichiers d%27en-tête</Filter>
    </ClInclude>
    <ClInclude Include="dependencies\SFML\include\SFML\Window\Keyboard.hpp">
      <Filter>Fichiers d%27en-tête</Filter>
    </ClInclude>
    <ClInclude Include="dependencies\SFML\include\SFML\Window\Mouse.hpp">
      <Filter>Fichiers d%27en-tête</Filter>
    </ClInclude>
    <ClInclude Include="dependencies\SFML\include\SFML\Window\Sensor.hpp">
      <Filter>Fichiers d%27en-tête</Filter>
    </ClInclude>
    <ClInclude Include="dependencies\SFML\include\SFML\Window\Touch.hpp">
      <Filter>Fichiers d%27en-tête</Filter>
    </ClInclude>
    <ClInclude Include="dependencies\SFML\include\SFML\Window\VideoMode.hpp">
      <Filter>Fichiers d%27en-tête</Filter>
    </ClInclude>
    <ClInclude Include="dependencies\SFML\include\SFML\Window\Vulkan.hpp">
      <Filter>Fichiers d%27en-tête</Filter>
    </ClInclude>
    <ClInclude Include="dependencies\SFML\include\SFML\Window\Window.hpp">
      <Filter>Fichiers d%27en-tête</Filter>
    </ClInclude>
    <ClInclude Include="dependencies\SFML\include\SFML\Window\WindowBase.hpp">
      <Filter>Fichiers d%27en-tête</Filter>
    </ClInclude>
    <ClInclude Include="dependencies\SFML\include\SFML\Window\WindowHandle.hpp">
      <Filter>Fichiers d%27en-tête</Filter>
    </ClInclude>
    <ClInclude Include="dependencies\SFML\include\SFML\Window\WindowStyle.hpp">
      <Filter>Fichiers d%27en-tête</Filter>
    </ClInclude>
    <ClInclude Include="dependencies\SFML\include\SFML\Audio.hpp">
      <Filter>Fichiers d%27en-tête</Filter>
    </ClInclude>
    <ClInclude Include="dependencies\SFML\include\SFML\Config.hpp">
      <Filter>Fichiers d%27en-tête</Filter>
    </ClInclude>
    <ClInclude Include="dependencies\SFML\include\SFML\GpuPreference.hpp">
      <Filter>Fichiers d%27en-tête</Filter>
    </ClInclude>
    <ClInclude Include="dependencies\SFML\include\SFML\Graphics.hpp">
      <Filter>Fichiers d%27en-tête</Filter>
    </ClInclude>
    <ClInclude Include="dependencies\SFML\include\SFML\Main.hpp">
      <Filter>Fichiers d%27en-tête</Filter>
    </ClInclude>
    <ClInclude Include="dependencies\SFML\include\SFML\Network.hpp">
      <Filter>Fichiers d%27en-tête</Filter>
    </ClInclude>
    <ClInclude Include="dependencies\SFML\include\SFML\OpenGL.hpp">
      <Filter>Fichiers d%27en-tête</Filter>
    </ClInclude>
    <ClInclude Include="dependencies\SFML\include\SFML\System.hpp">
      <Filter>Fichiers d%27en-tête</Filter>
    </ClInclude>
    <ClInclude Include="dependencies\SFML\include\SFML\Window.hpp">
      <Filter>Fichiers d%27en-tête</Filter>
    </ClInclude>
  </ItemGroup>
  <ItemGroup>
    <None Include="openal32.dll" />
    <None Include="dependencies\SFML\include\SFML\Audio\SoundFileFactory.inl">
      <Filter>Fichiers d%27en-tête</Filter>
    </None>
    <None Include="dependencies\SFML\include\SFML\Graphics\Glsl.inl">
      <Filter>Fichiers d%27en-tête</Filter>
    </None>
    <None Include="dependencies\SFML\include\SFML\Graphics\Rect.inl">
      <Filter>Fichiers d%27en-tête</Filter>
    </None>
    <None Include="dependencies\SFML\include\SFML\System\String.inl">
      <Filter>Fichiers d%27en-tête</Filter>
    </None>
    <None Include="dependencies\SFML\include\SFML\System\Thread.inl">
      <Filter>Fichiers d%27en-tête</Filter>
    </None>
    <None Include="dependencies\SFML\include\SFML\System\ThreadLocalPtr.inl">
      <Filter>Fichiers d%27en-tête</Filter>
    </None>
    <None Include="dependencies\SFML\include\SFML\System\Utf.inl">
      <Filter>Fichiers d%27en-tête</Filter>
    </None>
    <None Include="dependencies\SFML\include\SFML\System\Vector2.inl">
      <Filter>Fichiers d%27en-tête</Filter>
    </None>
    <None Include="dependencies\SFML\include\SFML\System\Vector3.inl">
      <Filter>Fichiers d%27en-tête</Filter>
    </None>
  </ItemGroup>
  <ItemGroup>
    <Media Include="Assets\Music.mp3" />
    <Media Include="Assets\Heal.wav">
      <Filter>Fichiers de ressources</Filter>
    </Media>
    <Media Include="Assets\Sword.wav">
      <Filter>Fichiers de ressources</Filter>
    </Media>
    <Media Include="Assets\Damage.wav">
      <Filter>Fichiers de ressources</Filter>
    </Media>
  </ItemGroup>
  <ItemGroup>
    <Font Include="Assets\ARCADE.TTF" />
  </ItemGroup>
  <ItemGroup>
    <Library Include="dependencies\SFML\lib\openal32.lib" />
    <Library Include="dependencies\SFML\lib\sfml-audio.lib" />
    <Library Include="dependencies\SFML\lib\sfml-audio-d.lib" />
    <Library Include="dependencies\SFML\lib\sfml-audio-s.lib" />
    <Library Include="dependencies\SFML\lib\sfml-audio-s-d.lib" />
  </ItemGroup>
</Project>